
Microsoft Visual Studio Solution File, Format Version 12.00
# Visual Studio 15
VisualStudioVersion = 15.0.28307.421
MinimumVisualStudioVersion = 10.0.40219.1
Project("{9A19103F-16F7-4668-BE54-9A1E7A4F7556}") = "BookStore", "BookStore\BookStore.csproj", "{E513578A-CC9C-495E-9CEE-C214AE08C21E}"
EndProject
Project("{9A19103F-16F7-4668-BE54-9A1E7A4F7556}") = "BookStore.BusinessLogic", "BookStore.BusinessLogic\BookStore.BusinessLogic.csproj", "{B4DE2C73-AC58-46E5-BCEE-012C44F3D28C}"
EndProject
Project("{9A19103F-16F7-4668-BE54-9A1E7A4F7556}") = "BookStore.DataAccess", "BookStore.DataAccess\BookStore.DataAccess.csproj", "{B9355A69-31B9-4A4C-8876-BD22C60FDE66}"
EndProject
Global
	GlobalSection(SolutionConfigurationPlatforms) = preSolution
		Debug|Any CPU = Debug|Any CPU
		Release|Any CPU = Release|Any CPU
	EndGlobalSection
	GlobalSection(ProjectConfigurationPlatforms) = postSolution
		{E513578A-CC9C-495E-9CEE-C214AE08C21E}.Debug|Any CPU.ActiveCfg = Debug|Any CPU
		{E513578A-CC9C-495E-9CEE-C214AE08C21E}.Debug|Any CPU.Build.0 = Debug|Any CPU
		{E513578A-CC9C-495E-9CEE-C214AE08C21E}.Release|Any CPU.ActiveCfg = Release|Any CPU
		{E513578A-CC9C-495E-9CEE-C214AE08C21E}.Release|Any CPU.Build.0 = Release|Any CPU
		{B4DE2C73-AC58-46E5-BCEE-012C44F3D28C}.Debug|Any CPU.ActiveCfg = Debug|Any CPU
		{B4DE2C73-AC58-46E5-BCEE-012C44F3D28C}.Debug|Any CPU.Build.0 = Debug|Any CPU
		{B4DE2C73-AC58-46E5-BCEE-012C44F3D28C}.Release|Any CPU.ActiveCfg = Release|Any CPU
		{B4DE2C73-AC58-46E5-BCEE-012C44F3D28C}.Release|Any CPU.Build.0 = Release|Any CPU
		{B9355A69-31B9-4A4C-8876-BD22C60FDE66}.Debug|Any CPU.ActiveCfg = Debug|Any CPU
		{B9355A69-31B9-4A4C-8876-BD22C60FDE66}.Debug|Any CPU.Build.0 = Debug|Any CPU
		{B9355A69-31B9-4A4C-8876-BD22C60FDE66}.Release|Any CPU.ActiveCfg = Release|Any CPU
		{B9355A69-31B9-4A4C-8876-BD22C60FDE66}.Release|Any CPU.Build.0 = Release|Any CPU
	EndGlobalSection
	GlobalSection(SolutionProperties) = preSolution
		HideSolutionNode = FALSE
	EndGlobalSection
	GlobalSection(ExtensibilityGlobals) = postSolution
		SolutionGuid = {1F44129D-3D94-4EF8-A523-0F5FCF5C83F4}
	EndGlobalSection
EndGlobal
